
Microsoft Visual Studio Solution File, Format Version 12.00
# Visual Studio Version 16
VisualStudioVersion = 16.0.30114.105
MinimumVisualStudioVersion = 10.0.40219.1
Project("{FAE04EC0-301F-11D3-BF4B-00C04F79EFBC}") = "HelloWorld", "00_HelloWorld\HelloWorld.csproj", "{1C1BC8A9-981D-4F32-8510-78FE4DE84A49}"
EndProject
Project("{FAE04EC0-301F-11D3-BF4B-00C04F79EFBC}") = "Variables", "01_Variables\Variables.csproj", "{7FEF4680-680E-4625-BE37-EBF090DDFA40}"
EndProject
Project("{FAE04EC0-301F-11D3-BF4B-00C04F79EFBC}") = "DailyChallenges", "DailyChallenges\DailyChallenges.csproj", "{4CD15522-E875-483B-8700-C41834EA941C}"
EndProject
Project("{FAE04EC0-301F-11D3-BF4B-00C04F79EFBC}") = "02_OperatorsConditionals", "02_OperatorsConditionals\02_OperatorsConditionals.csproj", "{B3C0F257-7FA4-48C2-B639-D1C28B13D052}"
EndProject
Project("{FAE04EC0-301F-11D3-BF4B-00C04F79EFBC}") = "TipCalculator", "TipCalculator\TipCalculator.csproj", "{683A47C3-98C1-49E2-AADB-F4A2FDC6BA26}"
EndProject
Project("{FAE04EC0-301F-11D3-BF4B-00C04F79EFBC}") = "03_Loops", "03_Loops\03_Loops.csproj", "{FB48E3DB-C6C0-4596-B09E-BD73E4C187FF}"
EndProject
Project("{FAE04EC0-301F-11D3-BF4B-00C04F79EFBC}") = "04_Methods", "04_Methods\04_Methods.csproj", "{75E6B776-3836-46AB-834B-B02FF5590895}"
EndProject
Project("{FAE04EC0-301F-11D3-BF4B-00C04F79EFBC}") = "05_Classes", "05_Classes\05_Classes.csproj", "{A1770D87-F2DB-4E2B-AE09-6A2505617263}"
EndProject
Project("{FAE04EC0-301F-11D3-BF4B-00C04F79EFBC}") = "AnimalShelter.ConsoleApp", "AnimalShelter.ConsoleApp\AnimalShelter.ConsoleApp.csproj", "{F99003E4-CC00-4336-8FEF-2AFB73D5F715}"
EndProject
Project("{FAE04EC0-301F-11D3-BF4B-00C04F79EFBC}") = "AnimalShelter.Repository", "AnimalShelter.Repository\AnimalShelter.Repository.csproj", "{31967E06-FBC1-4F8B-AA0F-6FDE8B12622B}"
EndProject
Project("{FAE04EC0-301F-11D3-BF4B-00C04F79EFBC}") = "06_Stacks_Queues", "06_Stacks_Queues\06_Stacks_Queues.csproj", "{4CC71DFE-638F-4D87-8F66-E87B25FA3A4E}"
EndProject
Project("{FAE04EC0-301F-11D3-BF4B-00C04F79EFBC}") = "MoldyPotatoes.ConsoleApp", "MoldyPotatoes.ConsoleApp\MoldyPotatoes.ConsoleApp.csproj", "{A90021AD-50BE-4F34-BE81-C5CEBB9A6CEC}"
EndProject
Project("{FAE04EC0-301F-11D3-BF4B-00C04F79EFBC}") = "MoldyPotatoes.Repository", "MoldyPotatoes.Repository\MoldyPotatoes.Repository.csproj", "{8806E636-FADE-40FD-9B5A-28CA041A5638}"
EndProject
Global
	GlobalSection(SolutionConfigurationPlatforms) = preSolution
		Debug|Any CPU = Debug|Any CPU
		Release|Any CPU = Release|Any CPU
	EndGlobalSection
	GlobalSection(SolutionProperties) = preSolution
		HideSolutionNode = FALSE
	EndGlobalSection
	GlobalSection(ProjectConfigurationPlatforms) = postSolution
		{1C1BC8A9-981D-4F32-8510-78FE4DE84A49}.Debug|Any CPU.ActiveCfg = Debug|Any CPU
		{1C1BC8A9-981D-4F32-8510-78FE4DE84A49}.Debug|Any CPU.Build.0 = Debug|Any CPU
		{1C1BC8A9-981D-4F32-8510-78FE4DE84A49}.Release|Any CPU.ActiveCfg = Release|Any CPU
		{1C1BC8A9-981D-4F32-8510-78FE4DE84A49}.Release|Any CPU.Build.0 = Release|Any CPU
		{7FEF4680-680E-4625-BE37-EBF090DDFA40}.Debug|Any CPU.ActiveCfg = Debug|Any CPU
		{7FEF4680-680E-4625-BE37-EBF090DDFA40}.Debug|Any CPU.Build.0 = Debug|Any CPU
		{7FEF4680-680E-4625-BE37-EBF090DDFA40}.Release|Any CPU.ActiveCfg = Release|Any CPU
		{7FEF4680-680E-4625-BE37-EBF090DDFA40}.Release|Any CPU.Build.0 = Release|Any CPU
		{4CD15522-E875-483B-8700-C41834EA941C}.Debug|Any CPU.ActiveCfg = Debug|Any CPU
		{4CD15522-E875-483B-8700-C41834EA941C}.Debug|Any CPU.Build.0 = Debug|Any CPU
		{4CD15522-E875-483B-8700-C41834EA941C}.Release|Any CPU.ActiveCfg = Release|Any CPU
		{4CD15522-E875-483B-8700-C41834EA941C}.Release|Any CPU.Build.0 = Release|Any CPU
		{B3C0F257-7FA4-48C2-B639-D1C28B13D052}.Debug|Any CPU.ActiveCfg = Debug|Any CPU
		{B3C0F257-7FA4-48C2-B639-D1C28B13D052}.Debug|Any CPU.Build.0 = Debug|Any CPU
		{B3C0F257-7FA4-48C2-B639-D1C28B13D052}.Release|Any CPU.ActiveCfg = Release|Any CPU
		{B3C0F257-7FA4-48C2-B639-D1C28B13D052}.Release|Any CPU.Build.0 = Release|Any CPU
		{683A47C3-98C1-49E2-AADB-F4A2FDC6BA26}.Debug|Any CPU.ActiveCfg = Debug|Any CPU
		{683A47C3-98C1-49E2-AADB-F4A2FDC6BA26}.Debug|Any CPU.Build.0 = Debug|Any CPU
		{683A47C3-98C1-49E2-AADB-F4A2FDC6BA26}.Release|Any CPU.ActiveCfg = Release|Any CPU
		{683A47C3-98C1-49E2-AADB-F4A2FDC6BA26}.Release|Any CPU.Build.0 = Release|Any CPU
		{FB48E3DB-C6C0-4596-B09E-BD73E4C187FF}.Debug|Any CPU.ActiveCfg = Debug|Any CPU
		{FB48E3DB-C6C0-4596-B09E-BD73E4C187FF}.Debug|Any CPU.Build.0 = Debug|Any CPU
		{FB48E3DB-C6C0-4596-B09E-BD73E4C187FF}.Release|Any CPU.ActiveCfg = Release|Any CPU
		{FB48E3DB-C6C0-4596-B09E-BD73E4C187FF}.Release|Any CPU.Build.0 = Release|Any CPU
		{75E6B776-3836-46AB-834B-B02FF5590895}.Debug|Any CPU.ActiveCfg = Debug|Any CPU
		{75E6B776-3836-46AB-834B-B02FF5590895}.Debug|Any CPU.Build.0 = Debug|Any CPU
		{75E6B776-3836-46AB-834B-B02FF5590895}.Release|Any CPU.ActiveCfg = Release|Any CPU
		{75E6B776-3836-46AB-834B-B02FF5590895}.Release|Any CPU.Build.0 = Release|Any CPU
		{A1770D87-F2DB-4E2B-AE09-6A2505617263}.Debug|Any CPU.ActiveCfg = Debug|Any CPU
		{A1770D87-F2DB-4E2B-AE09-6A2505617263}.Debug|Any CPU.Build.0 = Debug|Any CPU
		{A1770D87-F2DB-4E2B-AE09-6A2505617263}.Release|Any CPU.ActiveCfg = Release|Any CPU
		{A1770D87-F2DB-4E2B-AE09-6A2505617263}.Release|Any CPU.Build.0 = Release|Any CPU
		{F99003E4-CC00-4336-8FEF-2AFB73D5F715}.Debug|Any CPU.ActiveCfg = Debug|Any CPU
		{F99003E4-CC00-4336-8FEF-2AFB73D5F715}.Debug|Any CPU.Build.0 = Debug|Any CPU
		{F99003E4-CC00-4336-8FEF-2AFB73D5F715}.Release|Any CPU.ActiveCfg = Release|Any CPU
		{F99003E4-CC00-4336-8FEF-2AFB73D5F715}.Release|Any CPU.Build.0 = Release|Any CPU
		{31967E06-FBC1-4F8B-AA0F-6FDE8B12622B}.Debug|Any CPU.ActiveCfg = Debug|Any CPU
		{31967E06-FBC1-4F8B-AA0F-6FDE8B12622B}.Debug|Any CPU.Build.0 = Debug|Any CPU
		{31967E06-FBC1-4F8B-AA0F-6FDE8B12622B}.Release|Any CPU.ActiveCfg = Release|Any CPU
		{31967E06-FBC1-4F8B-AA0F-6FDE8B12622B}.Release|Any CPU.Build.0 = Release|Any CPU
		{4CC71DFE-638F-4D87-8F66-E87B25FA3A4E}.Debug|Any CPU.ActiveCfg = Debug|Any CPU
		{4CC71DFE-638F-4D87-8F66-E87B25FA3A4E}.Debug|Any CPU.Build.0 = Debug|Any CPU
		{4CC71DFE-638F-4D87-8F66-E87B25FA3A4E}.Release|Any CPU.ActiveCfg = Release|Any CPU
		{4CC71DFE-638F-4D87-8F66-E87B25FA3A4E}.Release|Any CPU.Build.0 = Release|Any CPU
		{A90021AD-50BE-4F34-BE81-C5CEBB9A6CEC}.Debug|Any CPU.ActiveCfg = Debug|Any CPU
		{A90021AD-50BE-4F34-BE81-C5CEBB9A6CEC}.Debug|Any CPU.Build.0 = Debug|Any CPU
		{A90021AD-50BE-4F34-BE81-C5CEBB9A6CEC}.Release|Any CPU.ActiveCfg = Release|Any CPU
		{A90021AD-50BE-4F34-BE81-C5CEBB9A6CEC}.Release|Any CPU.Build.0 = Release|Any CPU
		{8806E636-FADE-40FD-9B5A-28CA041A5638}.Debug|Any CPU.ActiveCfg = Debug|Any CPU
		{8806E636-FADE-40FD-9B5A-28CA041A5638}.Debug|Any CPU.Build.0 = Debug|Any CPU
		{8806E636-FADE-40FD-9B5A-28CA041A5638}.Release|Any CPU.ActiveCfg = Release|Any CPU
		{8806E636-FADE-40FD-9B5A-28CA041A5638}.Release|Any CPU.Build.0 = Release|Any CPU
	EndGlobalSection
EndGlobal
